// !$*UTF8*$!
{
	archiveVersion = 1;
	classes = {
	};
	objectVersion = 55;
	objects = {

/* Begin PBXBuildFile section */
		E58AE55027D1A8A40060BFF0 /* AppDelegate.swift in Sources */ = {isa = PBXBuildFile; fileRef = E58AE54F27D1A8A40060BFF0 /* AppDelegate.swift */; };
		E58AE55227D1A8A40060BFF0 /* SceneDelegate.swift in Sources */ = {isa = PBXBuildFile; fileRef = E58AE55127D1A8A40060BFF0 /* SceneDelegate.swift */; };
		E58AE55427D1A8A40060BFF0 /* ViewController.swift in Sources */ = {isa = PBXBuildFile; fileRef = E58AE55327D1A8A40060BFF0 /* ViewController.swift */; };
		E58AE55727D1A8A40060BFF0 /* Main.storyboard in Resources */ = {isa = PBXBuildFile; fileRef = E58AE55527D1A8A40060BFF0 /* Main.storyboard */; };
		E58AE55927D1A8A60060BFF0 /* Assets.xcassets in Resources */ = {isa = PBXBuildFile; fileRef = E58AE55827D1A8A60060BFF0 /* Assets.xcassets */; };
		E58AE55C27D1A8A60060BFF0 /* LaunchScreen.storyboard in Resources */ = {isa = PBXBuildFile; fileRef = E58AE55A27D1A8A60060BFF0 /* LaunchScreen.storyboard */; };
		E58AE56427D1ABC40060BFF0 /* ImageViewController.swift in Sources */ = {isa = PBXBuildFile; fileRef = E58AE56327D1ABC40060BFF0 /* ImageViewController.swift */; };
		E58AE56627D1ACFB0060BFF0 /* Image.swift in Sources */ = {isa = PBXBuildFile; fileRef = E58AE56527D1ACFB0060BFF0 /* Image.swift */; };
/* End PBXBuildFile section */

/* Begin PBXFileReference section */
		E58AE54C27D1A8A40060BFF0 /* Challenge10-12.app */ = {isa = PBXFileReference; explicitFileType = wrapper.application; includeInIndex = 0; path = "Challenge10-12.app"; sourceTree = BUILT_PRODUCTS_DIR; };
		E58AE54F27D1A8A40060BFF0 /* AppDelegate.swift */ = {isa = PBXFileReference; lastKnownFileType = sourcecode.swift; path = AppDelegate.swift; sourceTree = "<group>"; };
		E58AE55127D1A8A40060BFF0 /* SceneDelegate.swift */ = {isa = PBXFileReference; lastKnownFileType = sourcecode.swift; path = SceneDelegate.swift; sourceTree = "<group>"; };
		E58AE55327D1A8A40060BFF0 /* ViewController.swift */ = {isa = PBXFileReference; lastKnownFileType = sourcecode.swift; path = ViewController.swift; sourceTree = "<group>"; };
		E58AE55627D1A8A40060BFF0 /* Base */ = {isa = PBXFileReference; lastKnownFileType = file.storyboard; name = Base; path = Base.lproj/Main.storyboard; sourceTree = "<group>"; };
		E58AE55827D1A8A60060BFF0 /* Assets.xcassets */ = {isa = PBXFileReference; lastKnownFileType = folder.assetcatalog; path = Assets.xcassets; sourceTree = "<group>"; };
		E58AE55B27D1A8A60060BFF0 /* Base */ = {isa = PBXFileReference; lastKnownFileType = file.storyboard; name = Base; path = Base.lproj/LaunchScreen.storyboard; sourceTree = "<group>"; };
		E58AE55D27D1A8A60060BFF0 /* Info.plist */ = {isa = PBXFileReference; lastKnownFileType = text.plist.xml; path = Info.plist; sourceTree = "<group>"; };
		E58AE56327D1ABC40060BFF0 /* ImageViewController.swift */ = {isa = PBXFileReference; lastKnownFileType = sourcecode.swift; path = ImageViewController.swift; sourceTree = "<group>"; };
		E58AE56527D1ACFB0060BFF0 /* Image.swift */ = {isa = PBXFileReference; lastKnownFileType = sourcecode.swift; path = Image.swift; sourceTree = "<group>"; };
/* End PBXFileReference section */

/* Begin PBXFrameworksBuildPhase section */
		E58AE54927D1A8A40060BFF0 /* Frameworks */ = {
			isa = PBXFrameworksBuildPhase;
			buildActionMask = 2147483647;
			files = (
			);
			runOnlyForDeploymentPostprocessing = 0;
		};
/* End PBXFrameworksBuildPhase section */

/* Begin PBXGroup section */
		E58AE54327D1A8A40060BFF0 = {
			isa = PBXGroup;
			children = (
				E58AE54E27D1A8A40060BFF0 /* Challenge10-12 */,
				E58AE54D27D1A8A40060BFF0 /* Products */,
			);
			sourceTree = "<group>";
		};
		E58AE54D27D1A8A40060BFF0 /* Products */ = {
			isa = PBXGroup;
			children = (
				E58AE54C27D1A8A40060BFF0 /* Challenge10-12.app */,
			);
			name = Products;
			sourceTree = "<group>";
		};
		E58AE54E27D1A8A40060BFF0 /* Challenge10-12 */ = {
			isa = PBXGroup;
			children = (
				E58AE54F27D1A8A40060BFF0 /* AppDelegate.swift */,
				E58AE55127D1A8A40060BFF0 /* SceneDelegate.swift */,
				E58AE55327D1A8A40060BFF0 /* ViewController.swift */,
				E58AE56527D1ACFB0060BFF0 /* Image.swift */,
				E58AE56327D1ABC40060BFF0 /* ImageViewController.swift */,
				E58AE55527D1A8A40060BFF0 /* Main.storyboard */,
				E58AE55827D1A8A60060BFF0 /* Assets.xcassets */,
				E58AE55A27D1A8A60060BFF0 /* LaunchScreen.storyboard */,
				E58AE55D27D1A8A60060BFF0 /* Info.plist */,
			);
			path = "Challenge10-12";
			sourceTree = "<group>";
		};
/* End PBXGroup section */

/* Begin PBXNativeTarget section */
		E58AE54B27D1A8A40060BFF0 /* Challenge10-12 */ = {
			isa = PBXNativeTarget;
			buildConfigurationList = E58AE56027D1A8A60060BFF0 /* Build configuration list for PBXNativeTarget "Challenge10-12" */;
			buildPhases = (
				E58AE54827D1A8A40060BFF0 /* Sources */,
				E58AE54927D1A8A40060BFF0 /* Frameworks */,
				E58AE54A27D1A8A40060BFF0 /* Resources */,
			);
			buildRules = (
			);
			dependencies = (
			);
			name = "Challenge10-12";
			productName = "Challenge10-12";
			productReference = E58AE54C27D1A8A40060BFF0 /* Challenge10-12.app */;
			productType = "com.apple.product-type.application";
		};
/* End PBXNativeTarget section */

/* Begin PBXProject section */
		E58AE54427D1A8A40060BFF0 /* Project object */ = {
			isa = PBXProject;
			attributes = {
				BuildIndependentTargetsInParallel = 1;
				LastSwiftUpdateCheck = 1320;
				LastUpgradeCheck = 1320;
				TargetAttributes = {
					E58AE54B27D1A8A40060BFF0 = {
						CreatedOnToolsVersion = 13.2.1;
					};
				};
			};
			buildConfigurationList = E58AE54727D1A8A40060BFF0 /* Build configuration list for PBXProject "Challenge10-12" */;
			compatibilityVersion = "Xcode 13.0";
			developmentRegion = en;
			hasScannedForEncodings = 0;
			knownRegions = (
				en,
				Base,
			);
			mainGroup = E58AE54327D1A8A40060BFF0;
			productRefGroup = E58AE54D27D1A8A40060BFF0 /* Products */;
			projectDirPath = "";
			projectRoot = "";
			targets = (
				E58AE54B27D1A8A40060BFF0 /* Challenge10-12 */,
			);
		};
/* End PBXProject section */

/* Begin PBXResourcesBuildPhase section */
		E58AE54A27D1A8A40060BFF0 /* Resources */ = {
			isa = PBXResourcesBuildPhase;
			buildActionMask = 2147483647;
			files = (
				E58AE55C27D1A8A60060BFF0 /* LaunchScreen.storyboard in Resources */,
				E58AE55927D1A8A60060BFF0 /* Assets.xcassets in Resources */,
				E58AE55727D1A8A40060BFF0 /* Main.storyboard in Resources */,
			);
			runOnlyForDeploymentPostprocessing = 0;
		};
/* End PBXResourcesBuildPhase section */

/* Begin PBXSourcesBuildPhase section */
		E58AE54827D1A8A40060BFF0 /* Sources */ = {
			isa = PBXSourcesBuildPhase;
			buildActionMask = 2147483647;
			files = (
				E58AE55427D1A8A40060BFF0 /* ViewController.swift in Sources */,
				E58AE55027D1A8A40060BFF0 /* AppDelegate.swift in Sources */,
				E58AE56427D1ABC40060BFF0 /* ImageViewController.swift in Sources */,
				E58AE55227D1A8A40060BFF0 /* SceneDelegate.swift in Sources */,
				E58AE56627D1ACFB0060BFF0 /* Image.swift in Sources */,
			);
			runOnlyForDeploymentPostprocessing = 0;
		};
/* End PBXSourcesBuildPhase section */

/* Begin PBXVariantGroup section */
		E58AE55527D1A8A40060BFF0 /* Main.storyboard */ = {
			isa = PBXVariantGroup;
			children = (
				E58AE55627D1A8A40060BFF0 /* Base */,
			);
			name = Main.storyboard;
			sourceTree = "<group>";
		};
		E58AE55A27D1A8A60060BFF0 /* LaunchScreen.storyboard */ = {
			isa = PBXVariantGroup;
			children = (
				E58AE55B27D1A8A60060BFF0 /* Base */,
			);
			name = LaunchScreen.storyboard;
			sourceTree = "<group>";
		};
/* End PBXVariantGroup section */

/* Begin XCBuildConfiguration section */
		E58AE55E27D1A8A60060BFF0 /* Debug */ = {
			isa = XCBuildConfiguration;
			buildSettings = {
				ALWAYS_SEARCH_USER_PATHS = NO;
				CLANG_ANALYZER_NONNULL = YES;
				CLANG_ANALYZER_NUMBER_OBJECT_CONVERSION = YES_AGGRESSIVE;
				CLANG_CXX_LANGUAGE_STANDARD = "gnu++17";
				CLANG_CXX_LIBRARY = "libc++";
				CLANG_ENABLE_MODULES = YES;
				CLANG_ENABLE_OBJC_ARC = YES;
				CLANG_ENABLE_OBJC_WEAK = YES;
				CLANG_WARN_BLOCK_CAPTURE_AUTORELEASING = YES;
				CLANG_WARN_BOOL_CONVERSION = YES;
				CLANG_WARN_COMMA = YES;
				CLANG_WARN_CONSTANT_CONVERSION = YES;
				CLANG_WARN_DEPRECATED_OBJC_IMPLEMENTATIONS = YES;
				CLANG_WARN_DIRECT_OBJC_ISA_USAGE = YES_ERROR;
				CLANG_WARN_DOCUMENTATION_COMMENTS = YES;
				CLANG_WARN_EMPTY_BODY = YES;
				CLANG_WARN_ENUM_CONVERSION = YES;
				CLANG_WARN_INFINITE_RECURSION = YES;
				CLANG_WARN_INT_CONVERSION = YES;
				CLANG_WARN_NON_LITERAL_NULL_CONVERSION = YES;
				CLANG_WARN_OBJC_IMPLICIT_RETAIN_SELF = YES;
				CLANG_WARN_OBJC_LITERAL_CONVERSION = YES;
				CLANG_WARN_OBJC_ROOT_CLASS = YES_ERROR;
				CLANG_WARN_QUOTED_INCLUDE_IN_FRAMEWORK_HEADER = YES;
				CLANG_WARN_RANGE_LOOP_ANALYSIS = YES;
				CLANG_WARN_STRICT_PROTOTYPES = YES;
				CLANG_WARN_SUSPICIOUS_MOVE = YES;
				CLANG_WARN_UNGUARDED_AVAILABILITY = YES_AGGRESSIVE;
				CLANG_WARN_UNREACHABLE_CODE = YES;
				CLANG_WARN__DUPLICATE_METHOD_MATCH = YES;
				COPY_PHASE_STRIP = NO;
				DEBUG_INFORMATION_FORMAT = dwarf;
				ENABLE_STRICT_OBJC_MSGSEND = YES;
				ENABLE_TESTABILITY = YES;
				GCC_C_LANGUAGE_STANDARD = gnu11;
				GCC_DYNAMIC_NO_PIC = NO;
				GCC_NO_COMMON_BLOCKS = YES;
				GCC_OPTIMIZATION_LEVEL = 0;
				GCC_PREPROCESSOR_DEFINITIONS = (
					"DEBUG=1",
					"$(inherited)",
				);
				GCC_WARN_64_TO_32_BIT_CONVERSION = YES;
				GCC_WARN_ABOUT_RETURN_TYPE = YES_ERROR;
				GCC_WARN_UNDECLARED_SELECTOR = YES;
				GCC_WARN_UNINITIALIZED_AUTOS = YES_AGGRESSIVE;
				GCC_WARN_UNUSED_FUNCTION = YES;
				GCC_WARN_UNUSED_VARIABLE = YES;
				IPHONEOS_DEPLOYMENT_TARGET = 15.2;
				MTL_ENABLE_DEBUG_INFO = INCLUDE_SOURCE;
				MTL_FAST_MATH = YES;
				ONLY_ACTIVE_ARCH = YES;
				SDKROOT = iphoneos;
				SWIFT_ACTIVE_COMPILATION_CONDITIONS = DEBUG;
				SWIFT_OPTIMIZATION_LEVEL = "-Onone";
			};
			name = Debug;
		};
		E58AE55F27D1A8A60060BFF0 /* Release */ = {
			isa = XCBuildConfiguration;
			buildSettings = {
				ALWAYS_SEARCH_USER_PATHS = NO;
				CLANG_ANALYZER_NONNULL = YES;
				CLANG_ANALYZER_NUMBER_OBJECT_CONVERSION = YES_AGGRESSIVE;
				CLANG_CXX_LANGUAGE_STANDARD = "gnu++17";
				CLANG_CXX_LIBRARY = "libc++";
				CLANG_ENABLE_MODULES = YES;
				CLANG_ENABLE_OBJC_ARC = YES;
				CLANG_ENABLE_OBJC_WEAK = YES;
				CLANG_WARN_BLOCK_CAPTURE_AUTORELEASING = YES;
				CLANG_WARN_BOOL_CONVERSION = YES;
				CLANG_WARN_COMMA = YES;
				CLANG_WARN_CONSTANT_CONVERSION = YES;
				CLANG_WARN_DEPRECATED_OBJC_IMPLEMENTATIONS = YES;
				CLANG_WARN_DIRECT_OBJC_ISA_USAGE = YES_ERROR;
				CLANG_WARN_DOCUMENTATION_COMMENTS = YES;
				CLANG_WARN_EMPTY_BODY = YES;
				CLANG_WARN_ENUM_CONVERSION = YES;
				CLANG_WARN_INFINITE_RECURSION = YES;
				CLANG_WARN_INT_CONVERSION = YES;
				CLANG_WARN_NON_LITERAL_NULL_CONVERSION = YES;
				CLANG_WARN_OBJC_IMPLICIT_RETAIN_SELF = YES;
				CLANG_WARN_OBJC_LITERAL_CONVERSION = YES;
				CLANG_WARN_OBJC_ROOT_CLASS = YES_ERROR;
				CLANG_WARN_QUOTED_INCLUDE_IN_FRAMEWORK_HEADER = YES;
				CLANG_WARN_RANGE_LOOP_ANALYSIS = YES;
				CLANG_WARN_STRICT_PROTOTYPES = YES;
				CLANG_WARN_SUSPICIOUS_MOVE = YES;
				CLANG_WARN_UNGUARDED_AVAILABILITY = YES_AGGRESSIVE;
				CLANG_WARN_UNREACHABLE_CODE = YES;
				CLANG_WARN__DUPLICATE_METHOD_MATCH = YES;
				COPY_PHASE_STRIP = NO;
				DEBUG_INFORMATION_FORMAT = "dwarf-with-dsym";
				ENABLE_NS_ASSERTIONS = NO;
				ENABLE_STRICT_OBJC_MSGSEND = YES;
				GCC_C_LANGUAGE_STANDARD = gnu11;
				GCC_NO_COMMON_BLOCKS = YES;
				GCC_WARN_64_TO_32_BIT_CONVERSION = YES;
				GCC_WARN_ABOUT_RETURN_TYPE = YES_ERROR;
				GCC_WARN_UNDECLARED_SELECTOR = YES;
				GCC_WARN_UNINITIALIZED_AUTOS = YES_AGGRESSIVE;
				GCC_WARN_UNUSED_FUNCTION = YES;
				GCC_WARN_UNUSED_VARIABLE = YES;
				IPHONEOS_DEPLOYMENT_TARGET = 15.2;
				MTL_ENABLE_DEBUG_INFO = NO;
				MTL_FAST_MATH = YES;
				SDKROOT = iphoneos;
				SWIFT_COMPILATION_MODE = wholemodule;
				SWIFT_OPTIMIZATION_LEVEL = "-O";
				VALIDATE_PRODUCT = YES;
			};
			name = Release;
		};
		E58AE56127D1A8A60060BFF0 /* Debug */ = {
			isa = XCBuildConfiguration;
			buildSettings = {
				ASSETCATALOG_COMPILER_APPICON_NAME = AppIcon;
				ASSETCATALOG_COMPILER_GLOBAL_ACCENT_COLOR_NAME = AccentColor;
				CODE_SIGN_STYLE = Automatic;
				CURRENT_PROJECT_VERSION = 1;
				DEVELOPMENT_TEAM = TQQ7V6J6R9;
				GENERATE_INFOPLIST_FILE = YES;
				INFOPLIST_FILE = "Challenge10-12/Info.plist";
				INFOPLIST_KEY_UIApplicationSupportsIndirectInputEvents = YES;
				INFOPLIST_KEY_UILaunchStoryboardName = LaunchScreen;
				INFOPLIST_KEY_UIMainStoryboardFile = Main;
				INFOPLIST_KEY_UISupportedInterfaceOrientations_iPad = "UIInterfaceOrientationPortrait UIInterfaceOrientationPortraitUpsideDown UIInterfaceOrientationLandscapeLeft UIInterfaceOrientationLandscapeRight";
				INFOPLIST_KEY_UISupportedInterfaceOrientations_iPhone = "UIInterfaceOrientationPortrait UIInterfaceOrientationLandscapeLeft UIInterfaceOrientationLandscapeRight";
				LD_RUNPATH_SEARCH_PATHS = (
					"$(inherited)",
					"@executable_path/Frameworks",
				);
				MARKETING_VERSION = 1.0;
				PRODUCT_BUNDLE_IDENTIFIER = "com.projects.Challenge10-12";
				PRODUCT_NAME = "$(TARGET_NAME)";
				SWIFT_EMIT_LOC_STRINGS = YES;
				SWIFT_VERSION = 5.0;
				TARGETED_DEVICE_FAMILY = "1,2";
			};
			name = Debug;
		};
		E58AE56227D1A8A60060BFF0 /* Release */ = {
			isa = XCBuildConfiguration;
			buildSettings = {
				ASSETCATALOG_COMPILER_APPICON_NAME = AppIcon;
				ASSETCATALOG_COMPILER_GLOBAL_ACCENT_COLOR_NAME = AccentColor;
				CODE_SIGN_STYLE = Automatic;
				CURRENT_PROJECT_VERSION = 1;
				DEVELOPMENT_TEAM = TQQ7V6J6R9;
				GENERATE_INFOPLIST_FILE = YES;
				INFOPLIST_FILE = "Challenge10-12/Info.plist";
				INFOPLIST_KEY_UIApplicationSupportsIndirectInputEvents = YES;
				INFOPLIST_KEY_UILaunchStoryboardName = LaunchScreen;
				INFOPLIST_KEY_UIMainStoryboardFile = Main;
				INFOPLIST_KEY_UISupportedInterfaceOrientations_iPad = "UIInterfaceOrientationPortrait UIInterfaceOrientationPortraitUpsideDown UIInterfaceOrientationLandscapeLeft UIInterfaceOrientationLandscapeRight";
				INFOPLIST_KEY_UISupportedInterfaceOrientations_iPhone = "UIInterfaceOrientationPortrait UIInterfaceOrientationLandscapeLeft UIInterfaceOrientationLandscapeRight";
				LD_RUNPATH_SEARCH_PATHS = (
					"$(inherited)",
					"@executable_path/Frameworks",
				);
				MARKETING_VERSION = 1.0;
				PRODUCT_BUNDLE_IDENTIFIER = "com.projects.Challenge10-12";
				PRODUCT_NAME = "$(TARGET_NAME)";
				SWIFT_EMIT_LOC_STRINGS = YES;
				SWIFT_VERSION = 5.0;
				TARGETED_DEVICE_FAMILY = "1,2";
			};
			name = Release;
		};
/* End XCBuildConfiguration section */

/* Begin XCConfigurationList section */
		E58AE54727D1A8A40060BFF0 /* Build configuration list for PBXProject "Challenge10-12" */ = {
			isa = XCConfigurationList;
			buildConfigurations = (
				E58AE55E27D1A8A60060BFF0 /* Debug */,
				E58AE55F27D1A8A60060BFF0 /* Release */,
			);
			defaultConfigurationIsVisible = 0;
			defaultConfigurationName = Release;
		};
		E58AE56027D1A8A60060BFF0 /* Build configuration list for PBXNativeTarget "Challenge10-12" */ = {
			isa = XCConfigurationList;
			buildConfigurations = (
				E58AE56127D1A8A60060BFF0 /* Debug */,
				E58AE56227D1A8A60060BFF0 /* Release */,
			);
			defaultConfigurationIsVisible = 0;
			defaultConfigurationName = Release;
		};
/* End XCConfigurationList section */
	};
	rootObject = E58AE54427D1A8A40060BFF0 /* Project object */;
}
